
Microsoft Visual Studio Solution File, Format Version 12.00
# Visual Studio Version 16
VisualStudioVersion = 16.0.31729.503
MinimumVisualStudioVersion = 10.0.40219.1
Project("{FAE04EC0-301F-11D3-BF4B-00C04F79EFBC}") = "ConsoleApp1", "ConsoleApp1.csproj", "{4CFD65EE-F415-4E38-88EC-FF2356CFB99E}"
EndProject
Global
	GlobalSection(SolutionConfigurationPlatforms) = preSolution
		Debug|Any CPU = Debug|Any CPU
		Release|Any CPU = Release|Any CPU
	EndGlobalSection
	GlobalSection(ProjectConfigurationPlatforms) = postSolution
		{4CFD65EE-F415-4E38-88EC-FF2356CFB99E}.Debug|Any CPU.ActiveCfg = Debug|Any CPU
		{4CFD65EE-F415-4E38-88EC-FF2356CFB99E}.Debug|Any CPU.Build.0 = Debug|Any CPU
		{4CFD65EE-F415-4E38-88EC-FF2356CFB99E}.Release|Any CPU.ActiveCfg = Release|Any CPU
		{4CFD65EE-F415-4E38-88EC-FF2356CFB99E}.Release|Any CPU.Build.0 = Release|Any CPU
	EndGlobalSection
	GlobalSection(SolutionProperties) = preSolution
		HideSolutionNode = FALSE
	EndGlobalSection
	GlobalSection(ExtensibilityGlobals) = postSolution
		SolutionGuid = {5D6946E9-964D-465A-B6F9-A2F060437254}
	EndGlobalSection
EndGlobal
